
Microsoft Visual Studio Solution File, Format Version 12.00
# Visual Studio Version 16
VisualStudioVersion = 16.0.31112.23
MinimumVisualStudioVersion = 10.0.40219.1
Project("{FAE04EC0-301F-11D3-BF4B-00C04F79EFBC}") = "Quick.WebApi.Demo", "Quick.WebApi.Demo\Quick.WebApi.Demo.csproj", "{3D83BECA-50EF-4C30-B17C-C4631945BF88}"
EndProject
Project("{FAE04EC0-301F-11D3-BF4B-00C04F79EFBC}") = "Quick.WebApi.Rpc", "Quick.WebApi.Rpc\Quick.WebApi.Rpc.csproj", "{428FC1E0-0DAC-4EEC-BB4F-1678B0C07867}"
EndProject
Project("{9A19103F-16F7-4668-BE54-9A1E7A4F7556}") = "RpcProtocolDemo", "RpcProtocolDemo\RpcProtocolDemo.csproj", "{78ADD7CB-B81B-4ED2-904B-B1808290B232}"
EndProject
Project("{9A19103F-16F7-4668-BE54-9A1E7A4F7556}") = "HttpRpcClientDemo", "HttpRpcClientDemo\HttpRpcClientDemo.csproj", "{7624BD3F-58E4-453F-B45A-8BDDDFE76D80}"
EndProject
Global
	GlobalSection(SolutionConfigurationPlatforms) = preSolution
		Debug|Any CPU = Debug|Any CPU
		Release|Any CPU = Release|Any CPU
	EndGlobalSection
	GlobalSection(ProjectConfigurationPlatforms) = postSolution
		{3D83BECA-50EF-4C30-B17C-C4631945BF88}.Debug|Any CPU.ActiveCfg = Debug|Any CPU
		{3D83BECA-50EF-4C30-B17C-C4631945BF88}.Debug|Any CPU.Build.0 = Debug|Any CPU
		{3D83BECA-50EF-4C30-B17C-C4631945BF88}.Release|Any CPU.ActiveCfg = Release|Any CPU
		{3D83BECA-50EF-4C30-B17C-C4631945BF88}.Release|Any CPU.Build.0 = Release|Any CPU
		{428FC1E0-0DAC-4EEC-BB4F-1678B0C07867}.Debug|Any CPU.ActiveCfg = Debug|Any CPU
		{428FC1E0-0DAC-4EEC-BB4F-1678B0C07867}.Debug|Any CPU.Build.0 = Debug|Any CPU
		{428FC1E0-0DAC-4EEC-BB4F-1678B0C07867}.Release|Any CPU.ActiveCfg = Release|Any CPU
		{428FC1E0-0DAC-4EEC-BB4F-1678B0C07867}.Release|Any CPU.Build.0 = Release|Any CPU
		{78ADD7CB-B81B-4ED2-904B-B1808290B232}.Debug|Any CPU.ActiveCfg = Debug|Any CPU
		{78ADD7CB-B81B-4ED2-904B-B1808290B232}.Debug|Any CPU.Build.0 = Debug|Any CPU
		{78ADD7CB-B81B-4ED2-904B-B1808290B232}.Release|Any CPU.ActiveCfg = Release|Any CPU
		{78ADD7CB-B81B-4ED2-904B-B1808290B232}.Release|Any CPU.Build.0 = Release|Any CPU
		{7624BD3F-58E4-453F-B45A-8BDDDFE76D80}.Debug|Any CPU.ActiveCfg = Debug|Any CPU
		{7624BD3F-58E4-453F-B45A-8BDDDFE76D80}.Debug|Any CPU.Build.0 = Debug|Any CPU
		{7624BD3F-58E4-453F-B45A-8BDDDFE76D80}.Release|Any CPU.ActiveCfg = Release|Any CPU
		{7624BD3F-58E4-453F-B45A-8BDDDFE76D80}.Release|Any CPU.Build.0 = Release|Any CPU
	EndGlobalSection
	GlobalSection(SolutionProperties) = preSolution
		HideSolutionNode = FALSE
	EndGlobalSection
	GlobalSection(ExtensibilityGlobals) = postSolution
		SolutionGuid = {D3E84E0D-87F2-441E-AF2A-471887D407CA}
	EndGlobalSection
EndGlobal
